
Microsoft Visual Studio Solution File, Format Version 12.00
# Visual Studio 15
VisualStudioVersion = 15.0.28010.2036
MinimumVisualStudioVersion = 10.0.40219.1
Project("{FAE04EC0-301F-11D3-BF4B-00C04F79EFBC}") = "Phoneword.Android", "gsb\gsb.Android\Phoneword.Android.csproj", "{66228F6E-5F62-4436-8C23-8A13DF3EF73D}"
EndProject
Project("{FAE04EC0-301F-11D3-BF4B-00C04F79EFBC}") = "Phoneword.iOS", "gsb\gsb.iOS\Phoneword.iOS.csproj", "{4351FB96-8EBF-4B13-9F5A-6901570A7563}"
EndProject
Project("{FAE04EC0-301F-11D3-BF4B-00C04F79EFBC}") = "Phoneword", "gsb\gsb\Phoneword.csproj", "{9693CD74-C231-42DA-99DB-63EA784BA7DF}"
EndProject
Global
	GlobalSection(SolutionConfigurationPlatforms) = preSolution
		Ad-Hoc|Any CPU = Ad-Hoc|Any CPU
		Ad-Hoc|iPhone = Ad-Hoc|iPhone
		Ad-Hoc|iPhoneSimulator = Ad-Hoc|iPhoneSimulator
		AppStore|Any CPU = AppStore|Any CPU
		AppStore|iPhone = AppStore|iPhone
		AppStore|iPhoneSimulator = AppStore|iPhoneSimulator
		Debug|Any CPU = Debug|Any CPU
		Debug|iPhone = Debug|iPhone
		Debug|iPhoneSimulator = Debug|iPhoneSimulator
		Release|Any CPU = Release|Any CPU
		Release|iPhone = Release|iPhone
		Release|iPhoneSimulator = Release|iPhoneSimulator
	EndGlobalSection
	GlobalSection(ProjectConfigurationPlatforms) = postSolution
		{66228F6E-5F62-4436-8C23-8A13DF3EF73D}.Ad-Hoc|Any CPU.ActiveCfg = Release|Any CPU
		{66228F6E-5F62-4436-8C23-8A13DF3EF73D}.Ad-Hoc|Any CPU.Build.0 = Release|Any CPU
		{66228F6E-5F62-4436-8C23-8A13DF3EF73D}.Ad-Hoc|Any CPU.Deploy.0 = Release|Any CPU
		{66228F6E-5F62-4436-8C23-8A13DF3EF73D}.Ad-Hoc|iPhone.ActiveCfg = Release|Any CPU
		{66228F6E-5F62-4436-8C23-8A13DF3EF73D}.Ad-Hoc|iPhone.Build.0 = Release|Any CPU
		{66228F6E-5F62-4436-8C23-8A13DF3EF73D}.Ad-Hoc|iPhone.Deploy.0 = Release|Any CPU
		{66228F6E-5F62-4436-8C23-8A13DF3EF73D}.Ad-Hoc|iPhoneSimulator.ActiveCfg = Release|Any CPU
		{66228F6E-5F62-4436-8C23-8A13DF3EF73D}.Ad-Hoc|iPhoneSimulator.Build.0 = Release|Any CPU
		{66228F6E-5F62-4436-8C23-8A13DF3EF73D}.Ad-Hoc|iPhoneSimulator.Deploy.0 = Release|Any CPU
		{66228F6E-5F62-4436-8C23-8A13DF3EF73D}.AppStore|Any CPU.ActiveCfg = Release|Any CPU
		{66228F6E-5F62-4436-8C23-8A13DF3EF73D}.AppStore|Any CPU.Build.0 = Release|Any CPU
		{66228F6E-5F62-4436-8C23-8A13DF3EF73D}.AppStore|Any CPU.Deploy.0 = Release|Any CPU
		{66228F6E-5F62-4436-8C23-8A13DF3EF73D}.AppStore|iPhone.ActiveCfg = Release|Any CPU
		{66228F6E-5F62-4436-8C23-8A13DF3EF73D}.AppStore|iPhone.Build.0 = Release|Any CPU
		{66228F6E-5F62-4436-8C23-8A13DF3EF73D}.AppStore|iPhone.Deploy.0 = Release|Any CPU
		{66228F6E-5F62-4436-8C23-8A13DF3EF73D}.AppStore|iPhoneSimulator.ActiveCfg = Release|Any CPU
		{66228F6E-5F62-4436-8C23-8A13DF3EF73D}.AppStore|iPhoneSimulator.Build.0 = Release|Any CPU
		{66228F6E-5F62-4436-8C23-8A13DF3EF73D}.AppStore|iPhoneSimulator.Deploy.0 = Release|Any CPU
		{66228F6E-5F62-4436-8C23-8A13DF3EF73D}.Debug|Any CPU.ActiveCfg = Debug|Any CPU
		{66228F6E-5F62-4436-8C23-8A13DF3EF73D}.Debug|Any CPU.Build.0 = Debug|Any CPU
		{66228F6E-5F62-4436-8C23-8A13DF3EF73D}.Debug|Any CPU.Deploy.0 = Debug|Any CPU
		{66228F6E-5F62-4436-8C23-8A13DF3EF73D}.Debug|iPhone.ActiveCfg = Debug|Any CPU
		{66228F6E-5F62-4436-8C23-8A13DF3EF73D}.Debug|iPhone.Build.0 = Debug|Any CPU
		{66228F6E-5F62-4436-8C23-8A13DF3EF73D}.Debug|iPhone.Deploy.0 = Debug|Any CPU
		{66228F6E-5F62-4436-8C23-8A13DF3EF73D}.Debug|iPhoneSimulator.ActiveCfg = Debug|Any CPU
		{66228F6E-5F62-4436-8C23-8A13DF3EF73D}.Debug|iPhoneSimulator.Build.0 = Debug|Any CPU
		{66228F6E-5F62-4436-8C23-8A13DF3EF73D}.Debug|iPhoneSimulator.Deploy.0 = Debug|Any CPU
		{66228F6E-5F62-4436-8C23-8A13DF3EF73D}.Release|Any CPU.ActiveCfg = Release|Any CPU
		{66228F6E-5F62-4436-8C23-8A13DF3EF73D}.Release|Any CPU.Build.0 = Release|Any CPU
		{66228F6E-5F62-4436-8C23-8A13DF3EF73D}.Release|Any CPU.Deploy.0 = Release|Any CPU
		{66228F6E-5F62-4436-8C23-8A13DF3EF73D}.Release|iPhone.ActiveCfg = Release|Any CPU
		{66228F6E-5F62-4436-8C23-8A13DF3EF73D}.Release|iPhone.Build.0 = Release|Any CPU
		{66228F6E-5F62-4436-8C23-8A13DF3EF73D}.Release|iPhone.Deploy.0 = Release|Any CPU
		{66228F6E-5F62-4436-8C23-8A13DF3EF73D}.Release|iPhoneSimulator.ActiveCfg = Release|Any CPU
		{66228F6E-5F62-4436-8C23-8A13DF3EF73D}.Release|iPhoneSimulator.Build.0 = Release|Any CPU
		{66228F6E-5F62-4436-8C23-8A13DF3EF73D}.Release|iPhoneSimulator.Deploy.0 = Release|Any CPU
		{4351FB96-8EBF-4B13-9F5A-6901570A7563}.Ad-Hoc|Any CPU.ActiveCfg = Ad-Hoc|iPhone
		{4351FB96-8EBF-4B13-9F5A-6901570A7563}.Ad-Hoc|Any CPU.Build.0 = Ad-Hoc|iPhone
		{4351FB96-8EBF-4B13-9F5A-6901570A7563}.Ad-Hoc|Any CPU.Deploy.0 = Ad-Hoc|iPhone
		{4351FB96-8EBF-4B13-9F5A-6901570A7563}.Ad-Hoc|iPhone.ActiveCfg = Ad-Hoc|iPhone
		{4351FB96-8EBF-4B13-9F5A-6901570A7563}.Ad-Hoc|iPhone.Build.0 = Ad-Hoc|iPhone
		{4351FB96-8EBF-4B13-9F5A-6901570A7563}.Ad-Hoc|iPhone.Deploy.0 = Ad-Hoc|iPhone
		{4351FB96-8EBF-4B13-9F5A-6901570A7563}.Ad-Hoc|iPhoneSimulator.ActiveCfg = Ad-Hoc|iPhoneSimulator
		{4351FB96-8EBF-4B13-9F5A-6901570A7563}.Ad-Hoc|iPhoneSimulator.Build.0 = Ad-Hoc|iPhoneSimulator
		{4351FB96-8EBF-4B13-9F5A-6901570A7563}.Ad-Hoc|iPhoneSimulator.Deploy.0 = Ad-Hoc|iPhoneSimulator
		{4351FB96-8EBF-4B13-9F5A-6901570A7563}.AppStore|Any CPU.ActiveCfg = AppStore|iPhone
		{4351FB96-8EBF-4B13-9F5A-6901570A7563}.AppStore|Any CPU.Build.0 = AppStore|iPhone
		{4351FB96-8EBF-4B13-9F5A-6901570A7563}.AppStore|Any CPU.Deploy.0 = AppStore|iPhone
		{4351FB96-8EBF-4B13-9F5A-6901570A7563}.AppStore|iPhone.ActiveCfg = AppStore|iPhone
		{4351FB96-8EBF-4B13-9F5A-6901570A7563}.AppStore|iPhone.Build.0 = AppStore|iPhone
		{4351FB96-8EBF-4B13-9F5A-6901570A7563}.AppStore|iPhone.Deploy.0 = AppStore|iPhone
		{4351FB96-8EBF-4B13-9F5A-6901570A7563}.AppStore|iPhoneSimulator.ActiveCfg = AppStore|iPhoneSimulator
		{4351FB96-8EBF-4B13-9F5A-6901570A7563}.AppStore|iPhoneSimulator.Build.0 = AppStore|iPhoneSimulator
		{4351FB96-8EBF-4B13-9F5A-6901570A7563}.AppStore|iPhoneSimulator.Deploy.0 = AppStore|iPhoneSimulator
		{4351FB96-8EBF-4B13-9F5A-6901570A7563}.Debug|Any CPU.ActiveCfg = Debug|iPhoneSimulator
		{4351FB96-8EBF-4B13-9F5A-6901570A7563}.Debug|Any CPU.Build.0 = Debug|iPhoneSimulator
		{4351FB96-8EBF-4B13-9F5A-6901570A7563}.Debug|Any CPU.Deploy.0 = Debug|iPhoneSimulator
		{4351FB96-8EBF-4B13-9F5A-6901570A7563}.Debug|iPhone.ActiveCfg = Debug|iPhone
		{4351FB96-8EBF-4B13-9F5A-6901570A7563}.Debug|iPhone.Build.0 = Debug|iPhone
		{4351FB96-8EBF-4B13-9F5A-6901570A7563}.Debug|iPhone.Deploy.0 = Debug|iPhone
		{4351FB96-8EBF-4B13-9F5A-6901570A7563}.Debug|iPhoneSimulator.ActiveCfg = Debug|iPhoneSimulator
		{4351FB96-8EBF-4B13-9F5A-6901570A7563}.Debug|iPhoneSimulator.Build.0 = Debug|iPhoneSimulator
		{4351FB96-8EBF-4B13-9F5A-6901570A7563}.Debug|iPhoneSimulator.Deploy.0 = Debug|iPhoneSimulator
		{4351FB96-8EBF-4B13-9F5A-6901570A7563}.Release|Any CPU.ActiveCfg = Release|iPhone
		{4351FB96-8EBF-4B13-9F5A-6901570A7563}.Release|Any CPU.Build.0 = Release|iPhone
		{4351FB96-8EBF-4B13-9F5A-6901570A7563}.Release|Any CPU.Deploy.0 = Release|iPhone
		{4351FB96-8EBF-4B13-9F5A-6901570A7563}.Release|iPhone.ActiveCfg = Release|iPhone
		{4351FB96-8EBF-4B13-9F5A-6901570A7563}.Release|iPhone.Build.0 = Release|iPhone
		{4351FB96-8EBF-4B13-9F5A-6901570A7563}.Release|iPhone.Deploy.0 = Release|iPhone
		{4351FB96-8EBF-4B13-9F5A-6901570A7563}.Release|iPhoneSimulator.ActiveCfg = Release|iPhoneSimulator
		{4351FB96-8EBF-4B13-9F5A-6901570A7563}.Release|iPhoneSimulator.Build.0 = Release|iPhoneSimulator
		{4351FB96-8EBF-4B13-9F5A-6901570A7563}.Release|iPhoneSimulator.Deploy.0 = Release|iPhoneSimulator
		{9693CD74-C231-42DA-99DB-63EA784BA7DF}.Ad-Hoc|Any CPU.ActiveCfg = Debug|Any CPU
		{9693CD74-C231-42DA-99DB-63EA784BA7DF}.Ad-Hoc|Any CPU.Build.0 = Debug|Any CPU
		{9693CD74-C231-42DA-99DB-63EA784BA7DF}.Ad-Hoc|Any CPU.Deploy.0 = Debug|Any CPU
		{9693CD74-C231-42DA-99DB-63EA784BA7DF}.Ad-Hoc|iPhone.ActiveCfg = Debug|Any CPU
		{9693CD74-C231-42DA-99DB-63EA784BA7DF}.Ad-Hoc|iPhone.Build.0 = Debug|Any CPU
		{9693CD74-C231-42DA-99DB-63EA784BA7DF}.Ad-Hoc|iPhone.Deploy.0 = Debug|Any CPU
		{9693CD74-C231-42DA-99DB-63EA784BA7DF}.Ad-Hoc|iPhoneSimulator.ActiveCfg = Debug|Any CPU
		{9693CD74-C231-42DA-99DB-63EA784BA7DF}.Ad-Hoc|iPhoneSimulator.Build.0 = Debug|Any CPU
		{9693CD74-C231-42DA-99DB-63EA784BA7DF}.Ad-Hoc|iPhoneSimulator.Deploy.0 = Debug|Any CPU
		{9693CD74-C231-42DA-99DB-63EA784BA7DF}.AppStore|Any CPU.ActiveCfg = Debug|Any CPU
		{9693CD74-C231-42DA-99DB-63EA784BA7DF}.AppStore|Any CPU.Build.0 = Debug|Any CPU
		{9693CD74-C231-42DA-99DB-63EA784BA7DF}.AppStore|Any CPU.Deploy.0 = Debug|Any CPU
		{9693CD74-C231-42DA-99DB-63EA784BA7DF}.AppStore|iPhone.ActiveCfg = Debug|Any CPU
		{9693CD74-C231-42DA-99DB-63EA784BA7DF}.AppStore|iPhone.Build.0 = Debug|Any CPU
		{9693CD74-C231-42DA-99DB-63EA784BA7DF}.AppStore|iPhone.Deploy.0 = Debug|Any CPU
		{9693CD74-C231-42DA-99DB-63EA784BA7DF}.AppStore|iPhoneSimulator.ActiveCfg = Debug|Any CPU
		{9693CD74-C231-42DA-99DB-63EA784BA7DF}.AppStore|iPhoneSimulator.Build.0 = Debug|Any CPU
		{9693CD74-C231-42DA-99DB-63EA784BA7DF}.AppStore|iPhoneSimulator.Deploy.0 = Debug|Any CPU
		{9693CD74-C231-42DA-99DB-63EA784BA7DF}.Debug|Any CPU.ActiveCfg = Debug|Any CPU
		{9693CD74-C231-42DA-99DB-63EA784BA7DF}.Debug|Any CPU.Build.0 = Debug|Any CPU
		{9693CD74-C231-42DA-99DB-63EA784BA7DF}.Debug|Any CPU.Deploy.0 = Debug|Any CPU
		{9693CD74-C231-42DA-99DB-63EA784BA7DF}.Debug|iPhone.ActiveCfg = Debug|Any CPU
		{9693CD74-C231-42DA-99DB-63EA784BA7DF}.Debug|iPhone.Build.0 = Debug|Any CPU
		{9693CD74-C231-42DA-99DB-63EA784BA7DF}.Debug|iPhone.Deploy.0 = Debug|Any CPU
		{9693CD74-C231-42DA-99DB-63EA784BA7DF}.Debug|iPhoneSimulator.ActiveCfg = Debug|Any CPU
		{9693CD74-C231-42DA-99DB-63EA784BA7DF}.Debug|iPhoneSimulator.Build.0 = Debug|Any CPU
		{9693CD74-C231-42DA-99DB-63EA784BA7DF}.Debug|iPhoneSimulator.Deploy.0 = Debug|Any CPU
		{9693CD74-C231-42DA-99DB-63EA784BA7DF}.Release|Any CPU.ActiveCfg = Release|Any CPU
		{9693CD74-C231-42DA-99DB-63EA784BA7DF}.Release|Any CPU.Build.0 = Release|Any CPU
		{9693CD74-C231-42DA-99DB-63EA784BA7DF}.Release|Any CPU.Deploy.0 = Release|Any CPU
		{9693CD74-C231-42DA-99DB-63EA784BA7DF}.Release|iPhone.ActiveCfg = Release|Any CPU
		{9693CD74-C231-42DA-99DB-63EA784BA7DF}.Release|iPhone.Build.0 = Release|Any CPU
		{9693CD74-C231-42DA-99DB-63EA784BA7DF}.Release|iPhone.Deploy.0 = Release|Any CPU
		{9693CD74-C231-42DA-99DB-63EA784BA7DF}.Release|iPhoneSimulator.ActiveCfg = Release|Any CPU
		{9693CD74-C231-42DA-99DB-63EA784BA7DF}.Release|iPhoneSimulator.Build.0 = Release|Any CPU
		{9693CD74-C231-42DA-99DB-63EA784BA7DF}.Release|iPhoneSimulator.Deploy.0 = Release|Any CPU
	EndGlobalSection
	GlobalSection(SolutionProperties) = preSolution
		HideSolutionNode = FALSE
	EndGlobalSection
	GlobalSection(ExtensibilityGlobals) = postSolution
		SolutionGuid = {983109A8-3CAE-4AD8-966C-4451B156A9DB}
	EndGlobalSection
EndGlobal
